{
  "name": "MinorProject",
  "lockfileVersion": 3,
  "requires": true,
  "packages": {
    "": {
      "dependencies": {
        "@google/generative-ai": "^0.14.0"
      }
    },
    "node_modules/@google/generative-ai": {
      "version": "0.14.0",
      "resolved": "https://registry.npmjs.org/@google/generative-ai/-/generative-ai-0.14.0.tgz",
      "integrity": "sha512-wNgIGEpInlVd98SapqvnQX8HQz0zM43U9NMvrbIMKQzz2pQm60pJTeHHlICTDcy/yZNLsvFQ/RfD+Ck9H8K7vw==",
      "engines": {
        "node": ">=18.0.0"
      }
    }
  }
}
